<?xml version="1.0" encoding="UTF-8"?>
<Scheme
   LastUpgradeVersion = "1150"
   version = "2.0">
   <BuildAction
      parallelizeBuildables = "YES"
      buildImplicitDependencies = "YES">
      <BuildActionEntries>
         <BuildActionEntry
            buildForTesting = "YES"
            buildForRunning = "YES"
            buildForProfiling = "YES"
            buildForArchiving = "YES"
            buildForAnalyzing = "YES">
            <BuildableReference
               BuildableIdentifier = "primary"
               BlueprintIdentifier = "A75AB4FE242AC28B0099D77A"
               BuildableName = "SearchAppWatch.app"
               BlueprintName = "SearchAppWatch"
               ReferencedContainer = "container:SearchApp.xcodeproj">
            </BuildableReference>
         </BuildActionEntry>
         <BuildActionEntry
            buildForTesting = "YES"
            buildForRunning = "YES"
            buildForProfiling = "YES"
            buildForArchiving = "YES"
            buildForAnalyzing = "YES">
            <BuildableReference
               BuildableIdentifier = "primary"
               BlueprintIdentifier = "A7C0F57F22CEABB8008BEDA2"
               BuildableName = "SearchApp.app"
               BlueprintName = "SearchApp"
               ReferencedContainer = "container:SearchApp.xcodeproj">
            </BuildableReference>
         </BuildActionEntry>
      </BuildActionEntries>
   </BuildAction>
   <TestAction
      buildConfiguration = "Debug"
      selectedDebuggerIdentifier = "Xcode.DebuggerFoundation.Debugger.LLDB"
      selectedLauncherIdentifier = "Xcode.DebuggerFoundation.Launcher.LLDB"
      shouldUseLaunchSchemeArgsEnv = "YES">
      <Testables>
      </Testables>
   </TestAction>
   <LaunchAction
      buildConfiguration = "Debug"
      selectedDebuggerIdentifier = "Xcode.DebuggerFoundation.Debugger.LLDB"
      selectedLauncherIdentifier = "Xcode.DebuggerFoundation.Launcher.LLDB"
      launchStyle = "0"
      useCustomWorkingDirectory = "NO"
      ignoresPersistentStateOnLaunch = "NO"
      debugDocumentVersioning = "YES"
      debugServiceExtension = "internal"
      allowLocationSimulation = "YES"
      launchAutomaticallySubstyle = "8"
      notificationPayloadFile = "SearchAppWatch Extension/PushNotificationPayload.apns">
      <RemoteRunnable
         runnableDebuggingMode = "2"
         BundleIdentifier = "com.apple.Carousel"
         RemotePath = "/SearchApp">
         <BuildableReference
            BuildableIdentifier = "primary"
            BlueprintIdentifier = "A75AB4FE242AC28B0099D77A"
            BuildableName = "SearchAppWatch.app"
            BlueprintName = "SearchAppWatch"
            ReferencedContainer = "container:SearchApp.xcodeproj">
         </BuildableReference>
      </RemoteRunnable>
   </LaunchAction>
   <ProfileAction
      buildConfiguration = "Release"
      shouldUseLaunchSchemeArgsEnv = "YES"
      savedToolIdentifier = ""
      useCustomWorkingDirectory = "NO"
      debugDocumentVersioning = "YES"
      launchAutomaticallySubstyle = "8"
      notificationPayloadFile = "SearchAppWatch Extension/PushNotificationPayload.apns">
      <RemoteRunnable
         runnableDebuggingMode = "2"
         BundleIdentifier = "com.apple.Carousel"
         RemotePath = "/SearchApp">
         <BuildableReference
            BuildableIdentifier = "primary"
            BlueprintIdentifier = "A75AB4FE242AC28B0099D77A"
            BuildableName = "SearchAppWatch.app"
            BlueprintName = "SearchAppWatch"
            ReferencedContainer = "container:SearchApp.xcodeproj">
         </BuildableReference>
      </RemoteRunnable>
      <MacroExpansion>
         <BuildableReference
            BuildableIdentifier = "primary"
            BlueprintIdentifier = "A75AB4FE242AC28B0099D77A"
            BuildableName = "SearchAppWatch.app"
            BlueprintName = "SearchAppWatch"
            ReferencedContainer = "container:SearchApp.xcodeproj">
         </BuildableReference>
      </MacroExpansion>
   </ProfileAction>
   <AnalyzeAction
      buildConfiguration = "Debug">
   </AnalyzeAction>
   <ArchiveAction
      buildConfiguration = "Release"
      revealArchiveInOrganizer = "YES">
   </ArchiveAction>
</Scheme>
